// !$*UTF8*$!
{
	archiveVersion = 1;
	classes = {
	};
	objectVersion = 56;
	objects = {

/* Begin PBXBuildFile section */
		6EEB19C42A628C9C00456539 /* MagzApp.swift in Sources */ = {isa = PBXBuildFile; fileRef = 6EEB19C32A628C9C00456539 /* MagzApp.swift */; };
		6EEB19C62A628C9C00456539 /* ContentView.swift in Sources */ = {isa = PBXBuildFile; fileRef = 6EEB19C52A628C9C00456539 /* ContentView.swift */; };
		6EEB19C82A628C9E00456539 /* Assets.xcassets in Resources */ = {isa = PBXBuildFile; fileRef = 6EEB19C72A628C9E00456539 /* Assets.xcassets */; };
		6EEB19CB2A628C9E00456539 /* Preview Assets.xcassets in Resources */ = {isa = PBXBuildFile; fileRef = 6EEB19CA2A628C9E00456539 /* Preview Assets.xcassets */; };
		6EEB19D52A628C9F00456539 /* MagzTests.swift in Sources */ = {isa = PBXBuildFile; fileRef = 6EEB19D42A628C9F00456539 /* MagzTests.swift */; };
		6EEB19DF2A628C9F00456539 /* MagzUITests.swift in Sources */ = {isa = PBXBuildFile; fileRef = 6EEB19DE2A628C9F00456539 /* MagzUITests.swift */; };
		6EEB19E12A628C9F00456539 /* MagzUITestsLaunchTests.swift in Sources */ = {isa = PBXBuildFile; fileRef = 6EEB19E02A628C9F00456539 /* MagzUITestsLaunchTests.swift */; };
		6EEB19EF2A62EEB600456539 /* SDWebImageSwiftUI in Frameworks */ = {isa = PBXBuildFile; productRef = 6EEB19EE2A62EEB600456539 /* SDWebImageSwiftUI */; };
/* End PBXBuildFile section */

/* Begin PBXContainerItemProxy section */
		6EEB19D12A628C9F00456539 /* PBXContainerItemProxy */ = {
			isa = PBXContainerItemProxy;
			containerPortal = 6EEB19B82A628C9C00456539 /* Project object */;
			proxyType = 1;
			remoteGlobalIDString = 6EEB19BF2A628C9C00456539;
			remoteInfo = Magz;
		};
		6EEB19DB2A628C9F00456539 /* PBXContainerItemProxy */ = {
			isa = PBXContainerItemProxy;
			containerPortal = 6EEB19B82A628C9C00456539 /* Project object */;
			proxyType = 1;
			remoteGlobalIDString = 6EEB19BF2A628C9C00456539;
			remoteInfo = Magz;
		};
/* End PBXContainerItemProxy section */

/* Begin PBXFileReference section */
		6EEB19C02A628C9C00456539 /* Magz.app */ = {isa = PBXFileReference; explicitFileType = wrapper.application; includeInIndex = 0; path = Magz.app; sourceTree = BUILT_PRODUCTS_DIR; };
		6EEB19C32A628C9C00456539 /* MagzApp.swift */ = {isa = PBXFileReference; lastKnownFileType = sourcecode.swift; path = MagzApp.swift; sourceTree = "<group>"; };
		6EEB19C52A628C9C00456539 /* ContentView.swift */ = {isa = PBXFileReference; lastKnownFileType = sourcecode.swift; path = ContentView.swift; sourceTree = "<group>"; };
		6EEB19C72A628C9E00456539 /* Assets.xcassets */ = {isa = PBXFileReference; lastKnownFileType = folder.assetcatalog; path = Assets.xcassets; sourceTree = "<group>"; };
		6EEB19CA2A628C9E00456539 /* Preview Assets.xcassets */ = {isa = PBXFileReference; lastKnownFileType = folder.assetcatalog; path = "Preview Assets.xcassets"; sourceTree = "<group>"; };
		6EEB19D02A628C9F00456539 /* MagzTests.xctest */ = {isa = PBXFileReference; explicitFileType = wrapper.cfbundle; includeInIndex = 0; path = MagzTests.xctest; sourceTree = BUILT_PRODUCTS_DIR; };
		6EEB19D42A628C9F00456539 /* MagzTests.swift */ = {isa = PBXFileReference; lastKnownFileType = sourcecode.swift; path = MagzTests.swift; sourceTree = "<group>"; };
		6EEB19DA2A628C9F00456539 /* MagzUITests.xctest */ = {isa = PBXFileReference; explicitFileType = wrapper.cfbundle; includeInIndex = 0; path = MagzUITests.xctest; sourceTree = BUILT_PRODUCTS_DIR; };
		6EEB19DE2A628C9F00456539 /* MagzUITests.swift */ = {isa = PBXFileReference; lastKnownFileType = sourcecode.swift; path = MagzUITests.swift; sourceTree = "<group>"; };
		6EEB19E02A628C9F00456539 /* MagzUITestsLaunchTests.swift */ = {isa = PBXFileReference; lastKnownFileType = sourcecode.swift; path = MagzUITestsLaunchTests.swift; sourceTree = "<group>"; };
/* End PBXFileReference section */

/* Begin PBXFrameworksBuildPhase section */
		6EEB19BD2A628C9C00456539 /* Frameworks */ = {
			isa = PBXFrameworksBuildPhase;
			buildActionMask = 2147483647;
			files = (
				6EEB19EF2A62EEB600456539 /* SDWebImageSwiftUI in Frameworks */,
			);
			runOnlyForDeploymentPostprocessing = 0;
		};
		6EEB19CD2A628C9F00456539 /* Frameworks */ = {
			isa = PBXFrameworksBuildPhase;
			buildActionMask = 2147483647;
			files = (
			);
			runOnlyForDeploymentPostprocessing = 0;
		};
		6EEB19D72A628C9F00456539 /* Frameworks */ = {
			isa = PBXFrameworksBuildPhase;
			buildActionMask = 2147483647;
			files = (
			);
			runOnlyForDeploymentPostprocessing = 0;
		};
/* End PBXFrameworksBuildPhase section */

/* Begin PBXGroup section */
		6EEB19B72A628C9C00456539 = {
			isa = PBXGroup;
			children = (
				6EEB19C22A628C9C00456539 /* Magz */,
				6EEB19D32A628C9F00456539 /* MagzTests */,
				6EEB19DD2A628C9F00456539 /* MagzUITests */,
				6EEB19C12A628C9C00456539 /* Products */,
			);
			sourceTree = "<group>";
		};
		6EEB19C12A628C9C00456539 /* Products */ = {
			isa = PBXGroup;
			children = (
				6EEB19C02A628C9C00456539 /* Magz.app */,
				6EEB19D02A628C9F00456539 /* MagzTests.xctest */,
				6EEB19DA2A628C9F00456539 /* MagzUITests.xctest */,
			);
			name = Products;
			sourceTree = "<group>";
		};
		6EEB19C22A628C9C00456539 /* Magz */ = {
			isa = PBXGroup;
			children = (
				6EEB19C32A628C9C00456539 /* MagzApp.swift */,
				6EEB19C52A628C9C00456539 /* ContentView.swift */,
				6EEB19C72A628C9E00456539 /* Assets.xcassets */,
				6EEB19C92A628C9E00456539 /* Preview Content */,
			);
			path = Magz;
			sourceTree = "<group>";
		};
		6EEB19C92A628C9E00456539 /* Preview Content */ = {
			isa = PBXGroup;
			children = (
				6EEB19CA2A628C9E00456539 /* Preview Assets.xcassets */,
			);
			path = "Preview Content";
			sourceTree = "<group>";
		};
		6EEB19D32A628C9F00456539 /* MagzTests */ = {
			isa = PBXGroup;
			children = (
				6EEB19D42A628C9F00456539 /* MagzTests.swift */,
			);
			path = MagzTests;
			sourceTree = "<group>";
		};
		6EEB19DD2A628C9F00456539 /* MagzUITests */ = {
			isa = PBXGroup;
			children = (
				6EEB19DE2A628C9F00456539 /* MagzUITests.swift */,
				6EEB19E02A628C9F00456539 /* MagzUITestsLaunchTests.swift */,
			);
			path = MagzUITests;
			sourceTree = "<group>";
		};
/* End PBXGroup section */

/* Begin PBXNativeTarget section */
		6EEB19BF2A628C9C00456539 /* Magz */ = {
			isa = PBXNativeTarget;
			buildConfigurationList = 6EEB19E42A628C9F00456539 /* Build configuration list for PBXNativeTarget "Magz" */;
			buildPhases = (
				6EEB19BC2A628C9C00456539 /* Sources */,
				6EEB19BD2A628C9C00456539 /* Frameworks */,
				6EEB19BE2A628C9C00456539 /* Resources */,
			);
			buildRules = (
			);
			dependencies = (
			);
			name = Magz;
			packageProductDependencies = (
				6EEB19EE2A62EEB600456539 /* SDWebImageSwiftUI */,
			);
			productName = Magz;
			productReference = 6EEB19C02A628C9C00456539 /* Magz.app */;
			productType = "com.apple.product-type.application";
		};
		6EEB19CF2A628C9F00456539 /* MagzTests */ = {
			isa = PBXNativeTarget;
			buildConfigurationList = 6EEB19E72A628C9F00456539 /* Build configuration list for PBXNativeTarget "MagzTests" */;
			buildPhases = (
				6EEB19CC2A628C9F00456539 /* Sources */,
				6EEB19CD2A628C9F00456539 /* Frameworks */,
				6EEB19CE2A628C9F00456539 /* Resources */,
			);
			buildRules = (
			);
			dependencies = (
				6EEB19D22A628C9F00456539 /* PBXTargetDependency */,
			);
			name = MagzTests;
			productName = MagzTests;
			productReference = 6EEB19D02A628C9F00456539 /* MagzTests.xctest */;
			productType = "com.apple.product-type.bundle.unit-test";
		};
		6EEB19D92A628C9F00456539 /* MagzUITests */ = {
			isa = PBXNativeTarget;
			buildConfigurationList = 6EEB19EA2A628C9F00456539 /* Build configuration list for PBXNativeTarget "MagzUITests" */;
			buildPhases = (
				6EEB19D62A628C9F00456539 /* Sources */,
				6EEB19D72A628C9F00456539 /* Frameworks */,
				6EEB19D82A628C9F00456539 /* Resources */,
			);
			buildRules = (
			);
			dependencies = (
				6EEB19DC2A628C9F00456539 /* PBXTargetDependency */,
			);
			name = MagzUITests;
			productName = MagzUITests;
			productReference = 6EEB19DA2A628C9F00456539 /* MagzUITests.xctest */;
			productType = "com.apple.product-type.bundle.ui-testing";
		};
/* End PBXNativeTarget section */

/* Begin PBXProject section */
		6EEB19B82A628C9C00456539 /* Project object */ = {
			isa = PBXProject;
			attributes = {
				BuildIndependentTargetsInParallel = 1;
				LastSwiftUpdateCheck = 1430;
				LastUpgradeCheck = 1430;
				TargetAttributes = {
					6EEB19BF2A628C9C00456539 = {
						CreatedOnToolsVersion = 14.3.1;
					};
					6EEB19CF2A628C9F00456539 = {
						CreatedOnToolsVersion = 14.3.1;
						TestTargetID = 6EEB19BF2A628C9C00456539;
					};
					6EEB19D92A628C9F00456539 = {
						CreatedOnToolsVersion = 14.3.1;
						TestTargetID = 6EEB19BF2A628C9C00456539;
					};
				};
			};
			buildConfigurationList = 6EEB19BB2A628C9C00456539 /* Build configuration list for PBXProject "Magz" */;
			compatibilityVersion = "Xcode 14.0";
			developmentRegion = en;
			hasScannedForEncodings = 0;
			knownRegions = (
				en,
				Base,
			);
			mainGroup = 6EEB19B72A628C9C00456539;
			packageReferences = (
				6EEB19ED2A62EEB600456539 /* XCRemoteSwiftPackageReference "SDWebImageSwiftUI" */,
			);
			productRefGroup = 6EEB19C12A628C9C00456539 /* Products */;
			projectDirPath = "";
			projectRoot = "";
			targets = (
				6EEB19BF2A628C9C00456539 /* Magz */,
				6EEB19CF2A628C9F00456539 /* MagzTests */,
				6EEB19D92A628C9F00456539 /* MagzUITests */,
			);
		};
/* End PBXProject section */

/* Begin PBXResourcesBuildPhase section */
		6EEB19BE2A628C9C00456539 /* Resources */ = {
			isa = PBXResourcesBuildPhase;
			buildActionMask = 2147483647;
			files = (
				6EEB19CB2A628C9E00456539 /* Preview Assets.xcassets in Resources */,
				6EEB19C82A628C9E00456539 /* Assets.xcassets in Resources */,
			);
			runOnlyForDeploymentPostprocessing = 0;
		};
		6EEB19CE2A628C9F00456539 /* Resources */ = {
			isa = PBXResourcesBuildPhase;
			buildActionMask = 2147483647;
			files = (
			);
			runOnlyForDeploymentPostprocessing = 0;
		};
		6EEB19D82A628C9F00456539 /* Resources */ = {
			isa = PBXResourcesBuildPhase;
			buildActionMask = 2147483647;
			files = (
			);
			runOnlyForDeploymentPostprocessing = 0;
		};
/* End PBXResourcesBuildPhase section */

/* Begin PBXSourcesBuildPhase section */
		6EEB19BC2A628C9C00456539 /* Sources */ = {
			isa = PBXSourcesBuildPhase;
			buildActionMask = 2147483647;
			files = (
				6EEB19C62A628C9C00456539 /* ContentView.swift in Sources */,
				6EEB19C42A628C9C00456539 /* MagzApp.swift in Sources */,
			);
			runOnlyForDeploymentPostprocessing = 0;
		};
		6EEB19CC2A628C9F00456539 /* Sources */ = {
			isa = PBXSourcesBuildPhase;
			buildActionMask = 2147483647;
			files = (
				6EEB19D52A628C9F00456539 /* MagzTests.swift in Sources */,
			);
			runOnlyForDeploymentPostprocessing = 0;
		};
		6EEB19D62A628C9F00456539 /* Sources */ = {
			isa = PBXSourcesBuildPhase;
			buildActionMask = 2147483647;
			files = (
				6EEB19DF2A628C9F00456539 /* MagzUITests.swift in Sources */,
				6EEB19E12A628C9F00456539 /* MagzUITestsLaunchTests.swift in Sources */,
			);
			runOnlyForDeploymentPostprocessing = 0;
		};
/* End PBXSourcesBuildPhase section */

/* Begin PBXTargetDependency section */
		6EEB19D22A628C9F00456539 /* PBXTargetDependency */ = {
			isa = PBXTargetDependency;
			target = 6EEB19BF2A628C9C00456539 /* Magz */;
			targetProxy = 6EEB19D12A628C9F00456539 /* PBXContainerItemProxy */;
		};
		6EEB19DC2A628C9F00456539 /* PBXTargetDependency */ = {
			isa = PBXTargetDependency;
			target = 6EEB19BF2A628C9C00456539 /* Magz */;
			targetProxy = 6EEB19DB2A628C9F00456539 /* PBXContainerItemProxy */;
		};
/* End PBXTargetDependency section */

/* Begin XCBuildConfiguration section */
		6EEB19E22A628C9F00456539 /* Debug */ = {
			isa = XCBuildConfiguration;
			buildSettings = {
				ALWAYS_SEARCH_USER_PATHS = NO;
				CLANG_ANALYZER_NONNULL = YES;
				CLANG_ANALYZER_NUMBER_OBJECT_CONVERSION = YES_AGGRESSIVE;
				CLANG_CXX_LANGUAGE_STANDARD = "gnu++20";
				CLANG_ENABLE_MODULES = YES;
				CLANG_ENABLE_OBJC_ARC = YES;
				CLANG_ENABLE_OBJC_WEAK = YES;
				CLANG_WARN_BLOCK_CAPTURE_AUTORELEASING = YES;
				CLANG_WARN_BOOL_CONVERSION = YES;
				CLANG_WARN_COMMA = YES;
				CLANG_WARN_CONSTANT_CONVERSION = YES;
				CLANG_WARN_DEPRECATED_OBJC_IMPLEMENTATIONS = YES;
				CLANG_WARN_DIRECT_OBJC_ISA_USAGE = YES_ERROR;
				CLANG_WARN_DOCUMENTATION_COMMENTS = YES;
				CLANG_WARN_EMPTY_BODY = YES;
				CLANG_WARN_ENUM_CONVERSION = YES;
				CLANG_WARN_INFINITE_RECURSION = YES;
				CLANG_WARN_INT_CONVERSION = YES;
				CLANG_WARN_NON_LITERAL_NULL_CONVERSION = YES;
				CLANG_WARN_OBJC_IMPLICIT_RETAIN_SELF = YES;
				CLANG_WARN_OBJC_LITERAL_CONVERSION = YES;
				CLANG_WARN_OBJC_ROOT_CLASS = YES_ERROR;
				CLANG_WARN_QUOTED_INCLUDE_IN_FRAMEWORK_HEADER = YES;
				CLANG_WARN_RANGE_LOOP_ANALYSIS = YES;
				CLANG_WARN_STRICT_PROTOTYPES = YES;
				CLANG_WARN_SUSPICIOUS_MOVE = YES;
				CLANG_WARN_UNGUARDED_AVAILABILITY = YES_AGGRESSIVE;
				CLANG_WARN_UNREACHABLE_CODE = YES;
				CLANG_WARN__DUPLICATE_METHOD_MATCH = YES;
				COPY_PHASE_STRIP = NO;
				DEBUG_INFORMATION_FORMAT = dwarf;
				ENABLE_STRICT_OBJC_MSGSEND = YES;
				ENABLE_TESTABILITY = YES;
				GCC_C_LANGUAGE_STANDARD = gnu11;
				GCC_DYNAMIC_NO_PIC = NO;
				GCC_NO_COMMON_BLOCKS = YES;
				GCC_OPTIMIZATION_LEVEL = 0;
				GCC_PREPROCESSOR_DEFINITIONS = (
					"DEBUG=1",
					"$(inherited)",
				);
				GCC_WARN_64_TO_32_BIT_CONVERSION = YES;
				GCC_WARN_ABOUT_RETURN_TYPE = YES_ERROR;
				GCC_WARN_UNDECLARED_SELECTOR = YES;
				GCC_WARN_UNINITIALIZED_AUTOS = YES_AGGRESSIVE;
				GCC_WARN_UNUSED_FUNCTION = YES;
				GCC_WARN_UNUSED_VARIABLE = YES;
				IPHONEOS_DEPLOYMENT_TARGET = 16.4;
				MTL_ENABLE_DEBUG_INFO = INCLUDE_SOURCE;
				MTL_FAST_MATH = YES;
				ONLY_ACTIVE_ARCH = YES;
				SDKROOT = iphoneos;
				SWIFT_ACTIVE_COMPILATION_CONDITIONS = DEBUG;
				SWIFT_OPTIMIZATION_LEVEL = "-Onone";
			};
			name = Debug;
		};
		6EEB19E32A628C9F00456539 /* Release */ = {
			isa = XCBuildConfiguration;
			buildSettings = {
				ALWAYS_SEARCH_USER_PATHS = NO;
				CLANG_ANALYZER_NONNULL = YES;
				CLANG_ANALYZER_NUMBER_OBJECT_CONVERSION = YES_AGGRESSIVE;
				CLANG_CXX_LANGUAGE_STANDARD = "gnu++20";
				CLANG_ENABLE_MODULES = YES;
				CLANG_ENABLE_OBJC_ARC = YES;
				CLANG_ENABLE_OBJC_WEAK = YES;
				CLANG_WARN_BLOCK_CAPTURE_AUTORELEASING = YES;
				CLANG_WARN_BOOL_CONVERSION = YES;
				CLANG_WARN_COMMA = YES;
				CLANG_WARN_CONSTANT_CONVERSION = YES;
				CLANG_WARN_DEPRECATED_OBJC_IMPLEMENTATIONS = YES;
				CLANG_WARN_DIRECT_OBJC_ISA_USAGE = YES_ERROR;
				CLANG_WARN_DOCUMENTATION_COMMENTS = YES;
				CLANG_WARN_EMPTY_BODY = YES;
				CLANG_WARN_ENUM_CONVERSION = YES;
				CLANG_WARN_INFINITE_RECURSION = YES;
				CLANG_WARN_INT_CONVERSION = YES;
				CLANG_WARN_NON_LITERAL_NULL_CONVERSION = YES;
				CLANG_WARN_OBJC_IMPLICIT_RETAIN_SELF = YES;
				CLANG_WARN_OBJC_LITERAL_CONVERSION = YES;
				CLANG_WARN_OBJC_ROOT_CLASS = YES_ERROR;
				CLANG_WARN_QUOTED_INCLUDE_IN_FRAMEWORK_HEADER = YES;
				CLANG_WARN_RANGE_LOOP_ANALYSIS = YES;
				CLANG_WARN_STRICT_PROTOTYPES = YES;
				CLANG_WARN_SUSPICIOUS_MOVE = YES;
				CLANG_WARN_UNGUARDED_AVAILABILITY = YES_AGGRESSIVE;
				CLANG_WARN_UNREACHABLE_CODE = YES;
				CLANG_WARN__DUPLICATE_METHOD_MATCH = YES;
				COPY_PHASE_STRIP = NO;
				DEBUG_INFORMATION_FORMAT = "dwarf-with-dsym";
				ENABLE_NS_ASSERTIONS = NO;
				ENABLE_STRICT_OBJC_MSGSEND = YES;
				GCC_C_LANGUAGE_STANDARD = gnu11;
				GCC_NO_COMMON_BLOCKS = YES;
				GCC_WARN_64_TO_32_BIT_CONVERSION = YES;
				GCC_WARN_ABOUT_RETURN_TYPE = YES_ERROR;
				GCC_WARN_UNDECLARED_SELECTOR = YES;
				GCC_WARN_UNINITIALIZED_AUTOS = YES_AGGRESSIVE;
				GCC_WARN_UNUSED_FUNCTION = YES;
				GCC_WARN_UNUSED_VARIABLE = YES;
				IPHONEOS_DEPLOYMENT_TARGET = 16.4;
				MTL_ENABLE_DEBUG_INFO = NO;
				MTL_FAST_MATH = YES;
				SDKROOT = iphoneos;
				SWIFT_COMPILATION_MODE = wholemodule;
				SWIFT_OPTIMIZATION_LEVEL = "-O";
				VALIDATE_PRODUCT = YES;
			};
			name = Release;
		};
		6EEB19E52A628C9F00456539 /* Debug */ = {
			isa = XCBuildConfiguration;
			buildSettings = {
				ASSETCATALOG_COMPILER_APPICON_NAME = AppIcon;
				ASSETCATALOG_COMPILER_GLOBAL_ACCENT_COLOR_NAME = AccentColor;
				CODE_SIGN_STYLE = Automatic;
				CURRENT_PROJECT_VERSION = 1;
				DEVELOPMENT_ASSET_PATHS = "\"Magz/Preview Content\"";
				ENABLE_PREVIEWS = YES;
				GENERATE_INFOPLIST_FILE = YES;
				INFOPLIST_KEY_UIApplicationSceneManifest_Generation = YES;
				INFOPLIST_KEY_UIApplicationSupportsIndirectInputEvents = YES;
				INFOPLIST_KEY_UILaunchScreen_Generation = YES;
				INFOPLIST_KEY_UISupportedInterfaceOrientations_iPad = "UIInterfaceOrientationPortrait UIInterfaceOrientationPortraitUpsideDown UIInterfaceOrientationLandscapeLeft UIInterfaceOrientationLandscapeRight";
				INFOPLIST_KEY_UISupportedInterfaceOrientations_iPhone = "UIInterfaceOrientationPortrait UIInterfaceOrientationLandscapeLeft UIInterfaceOrientationLandscapeRight";
				LD_RUNPATH_SEARCH_PATHS = (
					"$(inherited)",
					"@executable_path/Frameworks",
				);
				MARKETING_VERSION = 1.0;
				PRODUCT_BUNDLE_IDENTIFIER = vikasitha.Magz;
				PRODUCT_NAME = "$(TARGET_NAME)";
				SWIFT_EMIT_LOC_STRINGS = YES;
				SWIFT_VERSION = 5.0;
				TARGETED_DEVICE_FAMILY = "1,2";
			};
			name = Debug;
		};
		6EEB19E62A628C9F00456539 /* Release */ = {
			isa = XCBuildConfiguration;
			buildSettings = {
				ASSETCATALOG_COMPILER_APPICON_NAME = AppIcon;
				ASSETCATALOG_COMPILER_GLOBAL_ACCENT_COLOR_NAME = AccentColor;
				CODE_SIGN_STYLE = Automatic;
				CURRENT_PROJECT_VERSION = 1;
				DEVELOPMENT_ASSET_PATHS = "\"Magz/Preview Content\"";
				ENABLE_PREVIEWS = YES;
				GENERATE_INFOPLIST_FILE = YES;
				INFOPLIST_KEY_UIApplicationSceneManifest_Generation = YES;
				INFOPLIST_KEY_UIApplicationSupportsIndirectInputEvents = YES;
				INFOPLIST_KEY_UILaunchScreen_Generation = YES;
				INFOPLIST_KEY_UISupportedInterfaceOrientations_iPad = "UIInterfaceOrientationPortrait UIInterfaceOrientationPortraitUpsideDown UIInterfaceOrientationLandscapeLeft UIInterfaceOrientationLandscapeRight";
				INFOPLIST_KEY_UISupportedInterfaceOrientations_iPhone = "UIInterfaceOrientationPortrait UIInterfaceOrientationLandscapeLeft UIInterfaceOrientationLandscapeRight";
				LD_RUNPATH_SEARCH_PATHS = (
					"$(inherited)",
					"@executable_path/Frameworks",
				);
				MARKETING_VERSION = 1.0;
				PRODUCT_BUNDLE_IDENTIFIER = vikasitha.Magz;
				PRODUCT_NAME = "$(TARGET_NAME)";
				SWIFT_EMIT_LOC_STRINGS = YES;
				SWIFT_VERSION = 5.0;
				TARGETED_DEVICE_FAMILY = "1,2";
			};
			name = Release;
		};
		6EEB19E82A628C9F00456539 /* Debug */ = {
			isa = XCBuildConfiguration;
			buildSettings = {
				ALWAYS_EMBED_SWIFT_STANDARD_LIBRARIES = YES;
				BUNDLE_LOADER = "$(TEST_HOST)";
				CODE_SIGN_STYLE = Automatic;
				CURRENT_PROJECT_VERSION = 1;
				GENERATE_INFOPLIST_FILE = YES;
				IPHONEOS_DEPLOYMENT_TARGET = 16.4;
				MARKETING_VERSION = 1.0;
				PRODUCT_BUNDLE_IDENTIFIER = vikasitha.MagzTests;
				PRODUCT_NAME = "$(TARGET_NAME)";
				SWIFT_EMIT_LOC_STRINGS = NO;
				SWIFT_VERSION = 5.0;
				TARGETED_DEVICE_FAMILY = "1,2";
				TEST_HOST = "$(BUILT_PRODUCTS_DIR)/Magz.app/$(BUNDLE_EXECUTABLE_FOLDER_PATH)/Magz";
			};
			name = Debug;
		};
		6EEB19E92A628C9F00456539 /* Release */ = {
			isa = XCBuildConfiguration;
			buildSettings = {
				ALWAYS_EMBED_SWIFT_STANDARD_LIBRARIES = YES;
				BUNDLE_LOADER = "$(TEST_HOST)";
				CODE_SIGN_STYLE = Automatic;
				CURRENT_PROJECT_VERSION = 1;
				GENERATE_INFOPLIST_FILE = YES;
				IPHONEOS_DEPLOYMENT_TARGET = 16.4;
				MARKETING_VERSION = 1.0;
				PRODUCT_BUNDLE_IDENTIFIER = vikasitha.MagzTests;
				PRODUCT_NAME = "$(TARGET_NAME)";
				SWIFT_EMIT_LOC_STRINGS = NO;
				SWIFT_VERSION = 5.0;
				TARGETED_DEVICE_FAMILY = "1,2";
				TEST_HOST = "$(BUILT_PRODUCTS_DIR)/Magz.app/$(BUNDLE_EXECUTABLE_FOLDER_PATH)/Magz";
			};
			name = Release;
		};
		6EEB19EB2A628C9F00456539 /* Debug */ = {
			isa = XCBuildConfiguration;
			buildSettings = {
				ALWAYS_EMBED_SWIFT_STANDARD_LIBRARIES = YES;
				CODE_SIGN_STYLE = Automatic;
				CURRENT_PROJECT_VERSION = 1;
				GENERATE_INFOPLIST_FILE = YES;
				MARKETING_VERSION = 1.0;
				PRODUCT_BUNDLE_IDENTIFIER = vikasitha.MagzUITests;
				PRODUCT_NAME = "$(TARGET_NAME)";
				SWIFT_EMIT_LOC_STRINGS = NO;
				SWIFT_VERSION = 5.0;
				TARGETED_DEVICE_FAMILY = "1,2";
				TEST_TARGET_NAME = Magz;
			};
			name = Debug;
		};
		6EEB19EC2A628C9F00456539 /* Release */ = {
			isa = XCBuildConfiguration;
			buildSettings = {
				ALWAYS_EMBED_SWIFT_STANDARD_LIBRARIES = YES;
				CODE_SIGN_STYLE = Automatic;
				CURRENT_PROJECT_VERSION = 1;
				GENERATE_INFOPLIST_FILE = YES;
				MARKETING_VERSION = 1.0;
				PRODUCT_BUNDLE_IDENTIFIER = vikasitha.MagzUITests;
				PRODUCT_NAME = "$(TARGET_NAME)";
				SWIFT_EMIT_LOC_STRINGS = NO;
				SWIFT_VERSION = 5.0;
				TARGETED_DEVICE_FAMILY = "1,2";
				TEST_TARGET_NAME = Magz;
			};
			name = Release;
		};
/* End XCBuildConfiguration section */

/* Begin XCConfigurationList section */
		6EEB19BB2A628C9C00456539 /* Build configuration list for PBXProject "Magz" */ = {
			isa = XCConfigurationList;
			buildConfigurations = (
				6EEB19E22A628C9F00456539 /* Debug */,
				6EEB19E32A628C9F00456539 /* Release */,
			);
			defaultConfigurationIsVisible = 0;
			defaultConfigurationName = Release;
		};
		6EEB19E42A628C9F00456539 /* Build configuration list for PBXNativeTarget "Magz" */ = {
			isa = XCConfigurationList;
			buildConfigurations = (
				6EEB19E52A628C9F00456539 /* Debug */,
				6EEB19E62A628C9F00456539 /* Release */,
			);
			defaultConfigurationIsVisible = 0;
			defaultConfigurationName = Release;
		};
		6EEB19E72A628C9F00456539 /* Build configuration list for PBXNativeTarget "MagzTests" */ = {
			isa = XCConfigurationList;
			buildConfigurations = (
				6EEB19E82A628C9F00456539 /* Debug */,
				6EEB19E92A628C9F00456539 /* Release */,
			);
			defaultConfigurationIsVisible = 0;
			defaultConfigurationName = Release;
		};
		6EEB19EA2A628C9F00456539 /* Build configuration list for PBXNativeTarget "MagzUITests" */ = {
			isa = XCConfigurationList;
			buildConfigurations = (
				6EEB19EB2A628C9F00456539 /* Debug */,
				6EEB19EC2A628C9F00456539 /* Release */,
			);
			defaultConfigurationIsVisible = 0;
			defaultConfigurationName = Release;
		};
/* End XCConfigurationList section */

/* Begin XCRemoteSwiftPackageReference section */
		6EEB19ED2A62EEB600456539 /* XCRemoteSwiftPackageReference "SDWebImageSwiftUI" */ = {
			isa = XCRemoteSwiftPackageReference;
			repositoryURL = "https://github.com/SDWebImage/SDWebImageSwiftUI.git";
			requirement = {
				kind = upToNextMajorVersion;
				minimumVersion = 2.0.0;
			};
		};
/* End XCRemoteSwiftPackageReference section */

/* Begin XCSwiftPackageProductDependency section */
		6EEB19EE2A62EEB600456539 /* SDWebImageSwiftUI */ = {
			isa = XCSwiftPackageProductDependency;
			package = 6EEB19ED2A62EEB600456539 /* XCRemoteSwiftPackageReference "SDWebImageSwiftUI" */;
			productName = SDWebImageSwiftUI;
		};
/* End XCSwiftPackageProductDependency section */
	};
	rootObject = 6EEB19B82A628C9C00456539 /* Project object */;
}
